
Microsoft Visual Studio Solution File, Format Version 12.00
# Visual Studio Version 16
VisualStudioVersion = 16.0.29201.188
MinimumVisualStudioVersion = 10.0.40219.1
Project("{FAE04EC0-301F-11D3-BF4B-00C04F79EFBC}") = "KAS.TruongThinh.API", "KAS.TruongThinh.API\KAS.TruongThinh.API.csproj", "{4682C47A-8E9D-4561-A28C-96C18D6C0211}"
EndProject
Project("{FAE04EC0-301F-11D3-BF4B-00C04F79EFBC}") = "KAS.TruongThinh.Models", "KAS.TruongThinh.Models\KAS.TruongThinh.Models.csproj", "{BFA17E6D-0726-486A-AEBD-1EE2A5AD6500}"
EndProject
Project("{00D1A9C2-B5F0-4AF3-8072-F6C62B433612}") = "KAs.TruongThinh.Database", "KAs.TruongThinh.Database\KAs.TruongThinh.Database.sqlproj", "{7F5A477F-C395-469C-BF8F-660B4F98F3F7}"
EndProject
Project("{FAE04EC0-301F-11D3-BF4B-00C04F79EFBC}") = "KAS.TruongThinh.DataAccess", "KAS.TruongThinh.DataAccess\KAS.TruongThinh.DataAccess.csproj", "{9D5271C2-C975-425E-966E-266D331BC1F2}"
EndProject
Project("{FAE04EC0-301F-11D3-BF4B-00C04F79EFBC}") = "KAS.TruongThinh.BusinessFunctions", "KAS.TruongThinh.BusinessFunctions\KAS.TruongThinh.BusinessFunctions.csproj", "{BC1900BE-EBA5-4AFB-83C2-BBD00BFC40A1}"
EndProject
Global
	GlobalSection(SolutionConfigurationPlatforms) = preSolution
		Debug|Any CPU = Debug|Any CPU
		Release|Any CPU = Release|Any CPU
	EndGlobalSection
	GlobalSection(ProjectConfigurationPlatforms) = postSolution
		{4682C47A-8E9D-4561-A28C-96C18D6C0211}.Debug|Any CPU.ActiveCfg = Debug|Any CPU
		{4682C47A-8E9D-4561-A28C-96C18D6C0211}.Debug|Any CPU.Build.0 = Debug|Any CPU
		{4682C47A-8E9D-4561-A28C-96C18D6C0211}.Release|Any CPU.ActiveCfg = Release|Any CPU
		{4682C47A-8E9D-4561-A28C-96C18D6C0211}.Release|Any CPU.Build.0 = Release|Any CPU
		{BFA17E6D-0726-486A-AEBD-1EE2A5AD6500}.Debug|Any CPU.ActiveCfg = Debug|Any CPU
		{BFA17E6D-0726-486A-AEBD-1EE2A5AD6500}.Debug|Any CPU.Build.0 = Debug|Any CPU
		{BFA17E6D-0726-486A-AEBD-1EE2A5AD6500}.Release|Any CPU.ActiveCfg = Release|Any CPU
		{BFA17E6D-0726-486A-AEBD-1EE2A5AD6500}.Release|Any CPU.Build.0 = Release|Any CPU
		{7F5A477F-C395-469C-BF8F-660B4F98F3F7}.Debug|Any CPU.ActiveCfg = Debug|Any CPU
		{7F5A477F-C395-469C-BF8F-660B4F98F3F7}.Debug|Any CPU.Build.0 = Debug|Any CPU
		{7F5A477F-C395-469C-BF8F-660B4F98F3F7}.Debug|Any CPU.Deploy.0 = Debug|Any CPU
		{7F5A477F-C395-469C-BF8F-660B4F98F3F7}.Release|Any CPU.ActiveCfg = Release|Any CPU
		{7F5A477F-C395-469C-BF8F-660B4F98F3F7}.Release|Any CPU.Build.0 = Release|Any CPU
		{7F5A477F-C395-469C-BF8F-660B4F98F3F7}.Release|Any CPU.Deploy.0 = Release|Any CPU
		{9D5271C2-C975-425E-966E-266D331BC1F2}.Debug|Any CPU.ActiveCfg = Debug|Any CPU
		{9D5271C2-C975-425E-966E-266D331BC1F2}.Debug|Any CPU.Build.0 = Debug|Any CPU
		{9D5271C2-C975-425E-966E-266D331BC1F2}.Release|Any CPU.ActiveCfg = Release|Any CPU
		{9D5271C2-C975-425E-966E-266D331BC1F2}.Release|Any CPU.Build.0 = Release|Any CPU
		{BC1900BE-EBA5-4AFB-83C2-BBD00BFC40A1}.Debug|Any CPU.ActiveCfg = Debug|Any CPU
		{BC1900BE-EBA5-4AFB-83C2-BBD00BFC40A1}.Debug|Any CPU.Build.0 = Debug|Any CPU
		{BC1900BE-EBA5-4AFB-83C2-BBD00BFC40A1}.Release|Any CPU.ActiveCfg = Release|Any CPU
		{BC1900BE-EBA5-4AFB-83C2-BBD00BFC40A1}.Release|Any CPU.Build.0 = Release|Any CPU
	EndGlobalSection
	GlobalSection(SolutionProperties) = preSolution
		HideSolutionNode = FALSE
	EndGlobalSection
	GlobalSection(ExtensibilityGlobals) = postSolution
		SolutionGuid = {37243046-1A30-4F7B-BD7D-CFD55BB7D503}
	EndGlobalSection
EndGlobal
